// !$*UTF8*$!
{
	archiveVersion = 1;
	classes = {
	};
	objectVersion = 77;
	objects = {

/* Begin PBXContainerItemProxy section */
		26E043EB2EFB8F28008DB5F4 /* PBXContainerItemProxy */ = {
			isa = PBXContainerItemProxy;
			containerPortal = 26E043C92EFB8F26008DB5F4 /* Project object */;
			proxyType = 1;
			remoteGlobalIDString = 26E043D02EFB8F26008DB5F4;
			remoteInfo = Ladder;
		};
		26E043F52EFB8F28008DB5F4 /* PBXContainerItemProxy */ = {
			isa = PBXContainerItemProxy;
			containerPortal = 26E043C92EFB8F26008DB5F4 /* Project object */;
			proxyType = 1;
			remoteGlobalIDString = 26E043D02EFB8F26008DB5F4;
			remoteInfo = Ladder;
		};
/* End PBXContainerItemProxy section */

/* Begin PBXFileReference section */
		26E043D12EFB8F26008DB5F4 /* Ladder.app */ = {isa = PBXFileReference; explicitFileType = wrapper.application; includeInIndex = 0; path = Ladder.app; sourceTree = BUILT_PRODUCTS_DIR; };
		26E043EA2EFB8F28008DB5F4 /* LadderTests.xctest */ = {isa = PBXFileReference; explicitFileType = wrapper.cfbundle; includeInIndex = 0; path = LadderTests.xctest; sourceTree = BUILT_PRODUCTS_DIR; };
		26E043F42EFB8F28008DB5F4 /* LadderUITests.xctest */ = {isa = PBXFileReference; explicitFileType = wrapper.cfbundle; includeInIndex = 0; path = LadderUITests.xctest; sourceTree = BUILT_PRODUCTS_DIR; };
/* End PBXFileReference section */

/* Begin PBXFileSystemSynchronizedRootGroup section */
		26E043D32EFB8F26008DB5F4 /* Ladder */ = {
			isa = PBXFileSystemSynchronizedRootGroup;
			path = Ladder;
			sourceTree = "<group>";
		};
		26E043ED2EFB8F28008DB5F4 /* LadderTests */ = {
			isa = PBXFileSystemSynchronizedRootGroup;
			path = LadderTests;
			sourceTree = "<group>";
		};
		26E043F72EFB8F28008DB5F4 /* LadderUITests */ = {
			isa = PBXFileSystemSynchronizedRootGroup;
			path = LadderUITests;
			sourceTree = "<group>";
		};
/* End PBXFileSystemSynchronizedRootGroup section */

/* Begin PBXFrameworksBuildPhase section */
		26E043CE2EFB8F26008DB5F4 /* Frameworks */ = {
			isa = PBXFrameworksBuildPhase;
			buildActionMask = 2147483647;
			files = (
			);
			runOnlyForDeploymentPostprocessing = 0;
		};
		26E043E72EFB8F28008DB5F4 /* Frameworks */ = {
			isa = PBXFrameworksBuildPhase;
			buildActionMask = 2147483647;
			files = (
			);
			runOnlyForDeploymentPostprocessing = 0;
		};
		26E043F12EFB8F28008DB5F4 /* Frameworks */ = {
			isa = PBXFrameworksBuildPhase;
			buildActionMask = 2147483647;
			files = (
			);
			runOnlyForDeploymentPostprocessing = 0;
		};
/* End PBXFrameworksBuildPhase section */

/* Begin PBXGroup section */
		26E043C82EFB8F26008DB5F4 = {
			isa = PBXGroup;
			children = (
				26E043D32EFB8F26008DB5F4 /* Ladder */,
				26E043ED2EFB8F28008DB5F4 /* LadderTests */,
				26E043F72EFB8F28008DB5F4 /* LadderUITests */,
				26E043D22EFB8F26008DB5F4 /* Products */,
			);
			sourceTree = "<group>";
		};
		26E043D22EFB8F26008DB5F4 /* Products */ = {
			isa = PBXGroup;
			children = (
				26E043D12EFB8F26008DB5F4 /* Ladder.app */,
				26E043EA2EFB8F28008DB5F4 /* LadderTests.xctest */,
				26E043F42EFB8F28008DB5F4 /* LadderUITests.xctest */,
			);
			name = Products;
			sourceTree = "<group>";
		};
/* End PBXGroup section */

/* Begin PBXNativeTarget section */
		26E043D02EFB8F26008DB5F4 /* Ladder */ = {
			isa = PBXNativeTarget;
			buildConfigurationList = 26E043FE2EFB8F28008DB5F4 /* Build configuration list for PBXNativeTarget "Ladder" */;
			buildPhases = (
				26E043CD2EFB8F26008DB5F4 /* Sources */,
				26E043CE2EFB8F26008DB5F4 /* Frameworks */,
				26E043CF2EFB8F26008DB5F4 /* Resources */,
			);
			buildRules = (
			);
			dependencies = (
			);
			fileSystemSynchronizedGroups = (
				26E043D32EFB8F26008DB5F4 /* Ladder */,
			);
			name = Ladder;
			packageProductDependencies = (
			);
			productName = Ladder;
			productReference = 26E043D12EFB8F26008DB5F4 /* Ladder.app */;
			productType = "com.apple.product-type.application";
		};
		26E043E92EFB8F28008DB5F4 /* LadderTests */ = {
			isa = PBXNativeTarget;
			buildConfigurationList = 26E044012EFB8F28008DB5F4 /* Build configuration list for PBXNativeTarget "LadderTests" */;
			buildPhases = (
				26E043E62EFB8F28008DB5F4 /* Sources */,
				26E043E72EFB8F28008DB5F4 /* Frameworks */,
				26E043E82EFB8F28008DB5F4 /* Resources */,
			);
			buildRules = (
			);
			dependencies = (
				26E043EC2EFB8F28008DB5F4 /* PBXTargetDependency */,
			);
			fileSystemSynchronizedGroups = (
				26E043ED2EFB8F28008DB5F4 /* LadderTests */,
			);
			name = LadderTests;
			packageProductDependencies = (
			);
			productName = LadderTests;
			productReference = 26E043EA2EFB8F28008DB5F4 /* LadderTests.xctest */;
			productType = "com.apple.product-type.bundle.unit-test";
		};
		26E043F32EFB8F28008DB5F4 /* LadderUITests */ = {
			isa = PBXNativeTarget;
			buildConfigurationList = 26E044042EFB8F28008DB5F4 /* Build configuration list for PBXNativeTarget "LadderUITests" */;
			buildPhases = (
				26E043F02EFB8F28008DB5F4 /* Sources */,
				26E043F12EFB8F28008DB5F4 /* Frameworks */,
				26E043F22EFB8F28008DB5F4 /* Resources */,
			);
			buildRules = (
			);
			dependencies = (
				26E043F62EFB8F28008DB5F4 /* PBXTargetDependency */,
			);
			fileSystemSynchronizedGroups = (
				26E043F72EFB8F28008DB5F4 /* LadderUITests */,
			);
			name = LadderUITests;
			packageProductDependencies = (
			);
			productName = LadderUITests;
			productReference = 26E043F42EFB8F28008DB5F4 /* LadderUITests.xctest */;
			productType = "com.apple.product-type.bundle.ui-testing";
		};
/* End PBXNativeTarget section */

/* Begin PBXProject section */
		26E043C92EFB8F26008DB5F4 /* Project object */ = {
			isa = PBXProject;
			attributes = {
				BuildIndependentTargetsInParallel = 1;
				LastSwiftUpdateCheck = 1620;
				LastUpgradeCheck = 1620;
				TargetAttributes = {
					26E043D02EFB8F26008DB5F4 = {
						CreatedOnToolsVersion = 16.2;
					};
					26E043E92EFB8F28008DB5F4 = {
						CreatedOnToolsVersion = 16.2;
						TestTargetID = 26E043D02EFB8F26008DB5F4;
					};
					26E043F32EFB8F28008DB5F4 = {
						CreatedOnToolsVersion = 16.2;
						TestTargetID = 26E043D02EFB8F26008DB5F4;
					};
				};
			};
			buildConfigurationList = 26E043CC2EFB8F26008DB5F4 /* Build configuration list for PBXProject "Ladder" */;
			developmentRegion = en;
			hasScannedForEncodings = 0;
			knownRegions = (
				en,
				Base,
			);
			mainGroup = 26E043C82EFB8F26008DB5F4;
			minimizedProjectReferenceProxies = 1;
			preferredProjectObjectVersion = 77;
			productRefGroup = 26E043D22EFB8F26008DB5F4 /* Products */;
			projectDirPath = "";
			projectRoot = "";
			targets = (
				26E043D02EFB8F26008DB5F4 /* Ladder */,
				26E043E92EFB8F28008DB5F4 /* LadderTests */,
				26E043F32EFB8F28008DB5F4 /* LadderUITests */,
			);
		};
/* End PBXProject section */

/* Begin PBXResourcesBuildPhase section */
		26E043CF2EFB8F26008DB5F4 /* Resources */ = {
			isa = PBXResourcesBuildPhase;
			buildActionMask = 2147483647;
			files = (
			);
			runOnlyForDeploymentPostprocessing = 0;
		};
		26E043E82EFB8F28008DB5F4 /* Resources */ = {
			isa = PBXResourcesBuildPhase;
			buildActionMask = 2147483647;
			files = (
			);
			runOnlyForDeploymentPostprocessing = 0;
		};
		26E043F22EFB8F28008DB5F4 /* Resources */ = {
			isa = PBXResourcesBuildPhase;
			buildActionMask = 2147483647;
			files = (
			);
			runOnlyForDeploymentPostprocessing = 0;
		};
/* End PBXResourcesBuildPhase section */

/* Begin PBXSourcesBuildPhase section */
		26E043CD2EFB8F26008DB5F4 /* Sources */ = {
			isa = PBXSourcesBuildPhase;
			buildActionMask = 2147483647;
			files = (
			);
			runOnlyForDeploymentPostprocessing = 0;
		};
		26E043E62EFB8F28008DB5F4 /* Sources */ = {
			isa = PBXSourcesBuildPhase;
			buildActionMask = 2147483647;
			files = (
			);
			runOnlyForDeploymentPostprocessing = 0;
		};
		26E043F02EFB8F28008DB5F4 /* Sources */ = {
			isa = PBXSourcesBuildPhase;
			buildActionMask = 2147483647;
			files = (
			);
			runOnlyForDeploymentPostprocessing = 0;
		};
/* End PBXSourcesBuildPhase section */

/* Begin PBXTargetDependency section */
		26E043EC2EFB8F28008DB5F4 /* PBXTargetDependency */ = {
			isa = PBXTargetDependency;
			target = 26E043D02EFB8F26008DB5F4 /* Ladder */;
			targetProxy = 26E043EB2EFB8F28008DB5F4 /* PBXContainerItemProxy */;
		};
		26E043F62EFB8F28008DB5F4 /* PBXTargetDependency */ = {
			isa = PBXTargetDependency;
			target = 26E043D02EFB8F26008DB5F4 /* Ladder */;
			targetProxy = 26E043F52EFB8F28008DB5F4 /* PBXContainerItemProxy */;
		};
/* End PBXTargetDependency section */

/* Begin XCBuildConfiguration section */
		26E043FC2EFB8F28008DB5F4 /* Debug */ = {
			isa = XCBuildConfiguration;
			buildSettings = {
				ALWAYS_SEARCH_USER_PATHS = NO;
				ASSETCATALOG_COMPILER_GENERATE_SWIFT_ASSET_SYMBOL_EXTENSIONS = YES;
				CLANG_ANALYZER_NONNULL = YES;
				CLANG_ANALYZER_NUMBER_OBJECT_CONVERSION = YES_AGGRESSIVE;
				CLANG_CXX_LANGUAGE_STANDARD = "gnu++20";
				CLANG_ENABLE_MODULES = YES;
				CLANG_ENABLE_OBJC_ARC = YES;
				CLANG_ENABLE_OBJC_WEAK = YES;
				CLANG_WARN_BLOCK_CAPTURE_AUTORELEASING = YES;
				CLANG_WARN_BOOL_CONVERSION = YES;
				CLANG_WARN_COMMA = YES;
				CLANG_WARN_CONSTANT_CONVERSION = YES;
				CLANG_WARN_DEPRECATED_OBJC_IMPLEMENTATIONS = YES;
				CLANG_WARN_DIRECT_OBJC_ISA_USAGE = YES_ERROR;
				CLANG_WARN_DOCUMENTATION_COMMENTS = YES;
				CLANG_WARN_EMPTY_BODY = YES;
				CLANG_WARN_ENUM_CONVERSION = YES;
				CLANG_WARN_INFINITE_RECURSION = YES;
				CLANG_WARN_INT_CONVERSION = YES;
				CLANG_WARN_NON_LITERAL_NULL_CONVERSION = YES;
				CLANG_WARN_OBJC_IMPLICIT_RETAIN_SELF = YES;
				CLANG_WARN_OBJC_LITERAL_CONVERSION = YES;
				CLANG_WARN_OBJC_ROOT_CLASS = YES_ERROR;
				CLANG_WARN_QUOTED_INCLUDE_IN_FRAMEWORK_HEADER = YES;
				CLANG_WARN_RANGE_LOOP_ANALYSIS = YES;
				CLANG_WARN_STRICT_PROTOTYPES = YES;
				CLANG_WARN_SUSPICIOUS_MOVE = YES;
				CLANG_WARN_UNGUARDED_AVAILABILITY = YES_AGGRESSIVE;
				CLANG_WARN_UNREACHABLE_CODE = YES;
				CLANG_WARN__DUPLICATE_METHOD_MATCH = YES;
				COPY_PHASE_STRIP = NO;
				DEBUG_INFORMATION_FORMAT = dwarf;
				ENABLE_STRICT_OBJC_MSGSEND = YES;
				ENABLE_TESTABILITY = YES;
				ENABLE_USER_SCRIPT_SANDBOXING = YES;
				GCC_C_LANGUAGE_STANDARD = gnu17;
				GCC_DYNAMIC_NO_PIC = NO;
				GCC_NO_COMMON_BLOCKS = YES;
				GCC_OPTIMIZATION_LEVEL = 0;
				GCC_PREPROCESSOR_DEFINITIONS = (
					"DEBUG=1",
					"$(inherited)",
				);
				GCC_WARN_64_TO_32_BIT_CONVERSION = YES;
				GCC_WARN_ABOUT_RETURN_TYPE = YES_ERROR;
				GCC_WARN_UNDECLARED_SELECTOR = YES;
				GCC_WARN_UNINITIALIZED_AUTOS = YES_AGGRESSIVE;
				GCC_WARN_UNUSED_FUNCTION = YES;
				GCC_WARN_UNUSED_VARIABLE = YES;
				IPHONEOS_DEPLOYMENT_TARGET = 18.2;
				LOCALIZATION_PREFERS_STRING_CATALOGS = YES;
				MTL_ENABLE_DEBUG_INFO = INCLUDE_SOURCE;
				MTL_FAST_MATH = YES;
				ONLY_ACTIVE_ARCH = YES;
				SDKROOT = iphoneos;
				SWIFT_ACTIVE_COMPILATION_CONDITIONS = "DEBUG $(inherited)";
				SWIFT_OPTIMIZATION_LEVEL = "-Onone";
			};
			name = Debug;
		};
		26E043FD2EFB8F28008DB5F4 /* Release */ = {
			isa = XCBuildConfiguration;
			buildSettings = {
				ALWAYS_SEARCH_USER_PATHS = NO;
				ASSETCATALOG_COMPILER_GENERATE_SWIFT_ASSET_SYMBOL_EXTENSIONS = YES;
				CLANG_ANALYZER_NONNULL = YES;
				CLANG_ANALYZER_NUMBER_OBJECT_CONVERSION = YES_AGGRESSIVE;
				CLANG_CXX_LANGUAGE_STANDARD = "gnu++20";
				CLANG_ENABLE_MODULES = YES;
				CLANG_ENABLE_OBJC_ARC = YES;
				CLANG_ENABLE_OBJC_WEAK = YES;
				CLANG_WARN_BLOCK_CAPTURE_AUTORELEASING = YES;
				CLANG_WARN_BOOL_CONVERSION = YES;
				CLANG_WARN_COMMA = YES;
				CLANG_WARN_CONSTANT_CONVERSION = YES;
				CLANG_WARN_DEPRECATED_OBJC_IMPLEMENTATIONS = YES;
				CLANG_WARN_DIRECT_OBJC_ISA_USAGE = YES_ERROR;
				CLANG_WARN_DOCUMENTATION_COMMENTS = YES;
				CLANG_WARN_EMPTY_BODY = YES;
				CLANG_WARN_ENUM_CONVERSION = YES;
				CLANG_WARN_INFINITE_RECURSION = YES;
				CLANG_WARN_INT_CONVERSION = YES;
				CLANG_WARN_NON_LITERAL_NULL_CONVERSION = YES;
				CLANG_WARN_OBJC_IMPLICIT_RETAIN_SELF = YES;
				CLANG_WARN_OBJC_LITERAL_CONVERSION = YES;
				CLANG_WARN_OBJC_ROOT_CLASS = YES_ERROR;
				CLANG_WARN_QUOTED_INCLUDE_IN_FRAMEWORK_HEADER = YES;
				CLANG_WARN_RANGE_LOOP_ANALYSIS = YES;
				CLANG_WARN_STRICT_PROTOTYPES = YES;
				CLANG_WARN_SUSPICIOUS_MOVE = YES;
				CLANG_WARN_UNGUARDED_AVAILABILITY = YES_AGGRESSIVE;
				CLANG_WARN_UNREACHABLE_CODE = YES;
				CLANG_WARN__DUPLICATE_METHOD_MATCH = YES;
				COPY_PHASE_STRIP = NO;
				DEBUG_INFORMATION_FORMAT = "dwarf-with-dsym";
				ENABLE_NS_ASSERTIONS = NO;
				ENABLE_STRICT_OBJC_MSGSEND = YES;
				ENABLE_USER_SCRIPT_SANDBOXING = YES;
				GCC_C_LANGUAGE_STANDARD = gnu17;
				GCC_NO_COMMON_BLOCKS = YES;
				GCC_WARN_64_TO_32_BIT_CONVERSION = YES;
				GCC_WARN_ABOUT_RETURN_TYPE = YES_ERROR;
				GCC_WARN_UNDECLARED_SELECTOR = YES;
				GCC_WARN_UNINITIALIZED_AUTOS = YES_AGGRESSIVE;
				GCC_WARN_UNUSED_FUNCTION = YES;
				GCC_WARN_UNUSED_VARIABLE = YES;
				IPHONEOS_DEPLOYMENT_TARGET = 18.2;
				LOCALIZATION_PREFERS_STRING_CATALOGS = YES;
				MTL_ENABLE_DEBUG_INFO = NO;
				MTL_FAST_MATH = YES;
				SDKROOT = iphoneos;
				SWIFT_COMPILATION_MODE = wholemodule;
				VALIDATE_PRODUCT = YES;
			};
			name = Release;
		};
		26E043FF2EFB8F28008DB5F4 /* Debug */ = {
			isa = XCBuildConfiguration;
			buildSettings = {
				ASSETCATALOG_COMPILER_APPICON_NAME = AppIcon;
				ASSETCATALOG_COMPILER_GLOBAL_ACCENT_COLOR_NAME = AccentColor;
				CODE_SIGN_STYLE = Automatic;
				CURRENT_PROJECT_VERSION = 1;
				GENERATE_INFOPLIST_FILE = YES;
				INFOPLIST_KEY_UIApplicationSupportsIndirectInputEvents = YES;
				INFOPLIST_KEY_UILaunchStoryboardName = LaunchScreen;
				INFOPLIST_KEY_UIMainStoryboardFile = Main;
				INFOPLIST_KEY_UIStatusBarHidden = YES;
				INFOPLIST_KEY_UISupportedInterfaceOrientations_iPad = "UIInterfaceOrientationPortrait UIInterfaceOrientationPortraitUpsideDown UIInterfaceOrientationLandscapeLeft UIInterfaceOrientationLandscapeRight";
				INFOPLIST_KEY_UISupportedInterfaceOrientations_iPhone = "UIInterfaceOrientationPortrait UIInterfaceOrientationLandscapeLeft UIInterfaceOrientationLandscapeRight";
				LD_RUNPATH_SEARCH_PATHS = (
					"$(inherited)",
					"@executable_path/Frameworks",
				);
				MARKETING_VERSION = 1.0;
				PRODUCT_BUNDLE_IDENTIFIER = "mason-labs.Ladder";
				PRODUCT_NAME = "$(TARGET_NAME)";
				SWIFT_EMIT_LOC_STRINGS = YES;
				SWIFT_VERSION = 5.0;
				TARGETED_DEVICE_FAMILY = "1,2";
			};
			name = Debug;
		};
		26E044002EFB8F28008DB5F4 /* Release */ = {
			isa = XCBuildConfiguration;
			buildSettings = {
				ASSETCATALOG_COMPILER_APPICON_NAME = AppIcon;
				ASSETCATALOG_COMPILER_GLOBAL_ACCENT_COLOR_NAME = AccentColor;
				CODE_SIGN_STYLE = Automatic;
				CURRENT_PROJECT_VERSION = 1;
				GENERATE_INFOPLIST_FILE = YES;
				INFOPLIST_KEY_UIApplicationSupportsIndirectInputEvents = YES;
				INFOPLIST_KEY_UILaunchStoryboardName = LaunchScreen;
				INFOPLIST_KEY_UIMainStoryboardFile = Main;
				INFOPLIST_KEY_UIStatusBarHidden = YES;
				INFOPLIST_KEY_UISupportedInterfaceOrientations_iPad = "UIInterfaceOrientationPortrait UIInterfaceOrientationPortraitUpsideDown UIInterfaceOrientationLandscapeLeft UIInterfaceOrientationLandscapeRight";
				INFOPLIST_KEY_UISupportedInterfaceOrientations_iPhone = "UIInterfaceOrientationPortrait UIInterfaceOrientationLandscapeLeft UIInterfaceOrientationLandscapeRight";
				LD_RUNPATH_SEARCH_PATHS = (
					"$(inherited)",
					"@executable_path/Frameworks",
				);
				MARKETING_VERSION = 1.0;
				PRODUCT_BUNDLE_IDENTIFIER = "mason-labs.Ladder";
				PRODUCT_NAME = "$(TARGET_NAME)";
				SWIFT_EMIT_LOC_STRINGS = YES;
				SWIFT_VERSION = 5.0;
				TARGETED_DEVICE_FAMILY = "1,2";
			};
			name = Release;
		};
		26E044022EFB8F28008DB5F4 /* Debug */ = {
			isa = XCBuildConfiguration;
			buildSettings = {
				BUNDLE_LOADER = "$(TEST_HOST)";
				CODE_SIGN_STYLE = Automatic;
				CURRENT_PROJECT_VERSION = 1;
				GENERATE_INFOPLIST_FILE = YES;
				IPHONEOS_DEPLOYMENT_TARGET = 18.2;
				MARKETING_VERSION = 1.0;
				PRODUCT_BUNDLE_IDENTIFIER = "mason-labs.LadderTests";
				PRODUCT_NAME = "$(TARGET_NAME)";
				SWIFT_EMIT_LOC_STRINGS = NO;
				SWIFT_VERSION = 5.0;
				TARGETED_DEVICE_FAMILY = "1,2";
				TEST_HOST = "$(BUILT_PRODUCTS_DIR)/Ladder.app/$(BUNDLE_EXECUTABLE_FOLDER_PATH)/Ladder";
			};
			name = Debug;
		};
		26E044032EFB8F28008DB5F4 /* Release */ = {
			isa = XCBuildConfiguration;
			buildSettings = {
				BUNDLE_LOADER = "$(TEST_HOST)";
				CODE_SIGN_STYLE = Automatic;
				CURRENT_PROJECT_VERSION = 1;
				GENERATE_INFOPLIST_FILE = YES;
				IPHONEOS_DEPLOYMENT_TARGET = 18.2;
				MARKETING_VERSION = 1.0;
				PRODUCT_BUNDLE_IDENTIFIER = "mason-labs.LadderTests";
				PRODUCT_NAME = "$(TARGET_NAME)";
				SWIFT_EMIT_LOC_STRINGS = NO;
				SWIFT_VERSION = 5.0;
				TARGETED_DEVICE_FAMILY = "1,2";
				TEST_HOST = "$(BUILT_PRODUCTS_DIR)/Ladder.app/$(BUNDLE_EXECUTABLE_FOLDER_PATH)/Ladder";
			};
			name = Release;
		};
		26E044052EFB8F28008DB5F4 /* Debug */ = {
			isa = XCBuildConfiguration;
			buildSettings = {
				CODE_SIGN_STYLE = Automatic;
				CURRENT_PROJECT_VERSION = 1;
				GENERATE_INFOPLIST_FILE = YES;
				MARKETING_VERSION = 1.0;
				PRODUCT_BUNDLE_IDENTIFIER = "mason-labs.LadderUITests";
				PRODUCT_NAME = "$(TARGET_NAME)";
				SWIFT_EMIT_LOC_STRINGS = NO;
				SWIFT_VERSION = 5.0;
				TARGETED_DEVICE_FAMILY = "1,2";
				TEST_TARGET_NAME = Ladder;
			};
			name = Debug;
		};
		26E044062EFB8F28008DB5F4 /* Release */ = {
			isa = XCBuildConfiguration;
			buildSettings = {
				CODE_SIGN_STYLE = Automatic;
				CURRENT_PROJECT_VERSION = 1;
				GENERATE_INFOPLIST_FILE = YES;
				MARKETING_VERSION = 1.0;
				PRODUCT_BUNDLE_IDENTIFIER = "mason-labs.LadderUITests";
				PRODUCT_NAME = "$(TARGET_NAME)";
				SWIFT_EMIT_LOC_STRINGS = NO;
				SWIFT_VERSION = 5.0;
				TARGETED_DEVICE_FAMILY = "1,2";
				TEST_TARGET_NAME = Ladder;
			};
			name = Release;
		};
/* End XCBuildConfiguration section */

/* Begin XCConfigurationList section */
		26E043CC2EFB8F26008DB5F4 /* Build configuration list for PBXProject "Ladder" */ = {
			isa = XCConfigurationList;
			buildConfigurations = (
				26E043FC2EFB8F28008DB5F4 /* Debug */,
				26E043FD2EFB8F28008DB5F4 /* Release */,
			);
			defaultConfigurationIsVisible = 0;
			defaultConfigurationName = Release;
		};
		26E043FE2EFB8F28008DB5F4 /* Build configuration list for PBXNativeTarget "Ladder" */ = {
			isa = XCConfigurationList;
			buildConfigurations = (
				26E043FF2EFB8F28008DB5F4 /* Debug */,
				26E044002EFB8F28008DB5F4 /* Release */,
			);
			defaultConfigurationIsVisible = 0;
			defaultConfigurationName = Release;
		};
		26E044012EFB8F28008DB5F4 /* Build configuration list for PBXNativeTarget "LadderTests" */ = {
			isa = XCConfigurationList;
			buildConfigurations = (
				26E044022EFB8F28008DB5F4 /* Debug */,
				26E044032EFB8F28008DB5F4 /* Release */,
			);
			defaultConfigurationIsVisible = 0;
			defaultConfigurationName = Release;
		};
		26E044042EFB8F28008DB5F4 /* Build configuration list for PBXNativeTarget "LadderUITests" */ = {
			isa = XCConfigurationList;
			buildConfigurations = (
				26E044052EFB8F28008DB5F4 /* Debug */,
				26E044062EFB8F28008DB5F4 /* Release */,
			);
			defaultConfigurationIsVisible = 0;
			defaultConfigurationName = Release;
		};
/* End XCConfigurationList section */
	};
	rootObject = 26E043C92EFB8F26008DB5F4 /* Project object */;
}
